
Microsoft Visual Studio Solution File, Format Version 12.00
# Visual Studio Version 16
VisualStudioVersion = 16.0.30621.155
MinimumVisualStudioVersion = 10.0.40219.1
Project("{FAE04EC0-301F-11D3-BF4B-00C04F79EFBC}") = "NEWSAMPLEPROJECT", "NEWSAMPLEPROJECT\NEWSAMPLEPROJECT.csproj", "{117071AF-0A5B-402E-8AF7-B562929EF93A}"
EndProject
Global
	GlobalSection(SolutionConfigurationPlatforms) = preSolution
		Debug|Any CPU = Debug|Any CPU
		Release|Any CPU = Release|Any CPU
	EndGlobalSection
	GlobalSection(ProjectConfigurationPlatforms) = postSolution
		{117071AF-0A5B-402E-8AF7-B562929EF93A}.Debug|Any CPU.ActiveCfg = Debug|Any CPU
		{117071AF-0A5B-402E-8AF7-B562929EF93A}.Debug|Any CPU.Build.0 = Debug|Any CPU
		{117071AF-0A5B-402E-8AF7-B562929EF93A}.Release|Any CPU.ActiveCfg = Release|Any CPU
		{117071AF-0A5B-402E-8AF7-B562929EF93A}.Release|Any CPU.Build.0 = Release|Any CPU
	EndGlobalSection
	GlobalSection(SolutionProperties) = preSolution
		HideSolutionNode = FALSE
	EndGlobalSection
	GlobalSection(ExtensibilityGlobals) = postSolution
		SolutionGuid = {5AF04919-82C3-4AC4-950E-9852005D4E21}
	EndGlobalSection
EndGlobal
